
Microsoft Visual Studio Solution File, Format Version 12.00
# Visual Studio 15
VisualStudioVersion = 15.0.26124.0
MinimumVisualStudioVersion = 15.0.26124.0
Project("{FAE04EC0-301F-11D3-BF4B-00C04F79EFBC}") = "BFB.Client", "BFB\BFB.Client.csproj", "{06C7FACD-93D2-4D58-8BA9-B7FC2338531C}"
EndProject
Project("{FAE04EC0-301F-11D3-BF4B-00C04F79EFBC}") = "BFB.Test", "BFB.Test\BFB.Test.csproj", "{D583C88F-EECE-42C5-BB39-D32E1B7CAD86}"
EndProject
Project("{FAE04EC0-301F-11D3-BF4B-00C04F79EFBC}") = "BFB.Web", "BFB.WebServer\BFB.Web.csproj", "{D113ED22-DD33-4E87-88BF-76DF866191E0}"
EndProject
Project("{FAE04EC0-301F-11D3-BF4B-00C04F79EFBC}") = "BFB.Server", "BFB.GameServer\BFB.Server.csproj", "{C5FDC1C6-D7EF-4727-9C4C-A63761DB5F58}"
EndProject
Project("{FAE04EC0-301F-11D3-BF4B-00C04F79EFBC}") = "BFB.Engine", "BFB.Engine\BFB.Engine.csproj", "{197866B1-75F2-4B36-9319-5AF2762DDCAB}"
EndProject
Project("{FAE04EC0-301F-11D3-BF4B-00C04F79EFBC}") = "BFB.Authentication", "BFB.AuthServer\BFB.Authentication.csproj", "{8BE8C103-C368-41D5-8B40-4872511A605B}"
EndProject
Global
	GlobalSection(SolutionConfigurationPlatforms) = preSolution
		Debug|Any CPU = Debug|Any CPU
		Debug|x64 = Debug|x64
		Debug|x86 = Debug|x86
		Release|Any CPU = Release|Any CPU
		Release|x64 = Release|x64
		Release|x86 = Release|x86
	EndGlobalSection
	GlobalSection(SolutionProperties) = preSolution
		HideSolutionNode = FALSE
	EndGlobalSection
	GlobalSection(ProjectConfigurationPlatforms) = postSolution
		{06C7FACD-93D2-4D58-8BA9-B7FC2338531C}.Debug|Any CPU.ActiveCfg = Debug|Any CPU
		{06C7FACD-93D2-4D58-8BA9-B7FC2338531C}.Debug|Any CPU.Build.0 = Debug|Any CPU
		{06C7FACD-93D2-4D58-8BA9-B7FC2338531C}.Debug|x64.ActiveCfg = Debug|Any CPU
		{06C7FACD-93D2-4D58-8BA9-B7FC2338531C}.Debug|x64.Build.0 = Debug|Any CPU
		{06C7FACD-93D2-4D58-8BA9-B7FC2338531C}.Debug|x86.ActiveCfg = Debug|Any CPU
		{06C7FACD-93D2-4D58-8BA9-B7FC2338531C}.Debug|x86.Build.0 = Debug|Any CPU
		{06C7FACD-93D2-4D58-8BA9-B7FC2338531C}.Release|Any CPU.ActiveCfg = Release|Any CPU
		{06C7FACD-93D2-4D58-8BA9-B7FC2338531C}.Release|Any CPU.Build.0 = Release|Any CPU
		{06C7FACD-93D2-4D58-8BA9-B7FC2338531C}.Release|x64.ActiveCfg = Release|Any CPU
		{06C7FACD-93D2-4D58-8BA9-B7FC2338531C}.Release|x64.Build.0 = Release|Any CPU
		{06C7FACD-93D2-4D58-8BA9-B7FC2338531C}.Release|x86.ActiveCfg = Release|Any CPU
		{06C7FACD-93D2-4D58-8BA9-B7FC2338531C}.Release|x86.Build.0 = Release|Any CPU
		{D583C88F-EECE-42C5-BB39-D32E1B7CAD86}.Debug|Any CPU.ActiveCfg = Debug|Any CPU
		{D583C88F-EECE-42C5-BB39-D32E1B7CAD86}.Debug|Any CPU.Build.0 = Debug|Any CPU
		{D583C88F-EECE-42C5-BB39-D32E1B7CAD86}.Debug|x64.ActiveCfg = Debug|Any CPU
		{D583C88F-EECE-42C5-BB39-D32E1B7CAD86}.Debug|x64.Build.0 = Debug|Any CPU
		{D583C88F-EECE-42C5-BB39-D32E1B7CAD86}.Debug|x86.ActiveCfg = Debug|Any CPU
		{D583C88F-EECE-42C5-BB39-D32E1B7CAD86}.Debug|x86.Build.0 = Debug|Any CPU
		{D583C88F-EECE-42C5-BB39-D32E1B7CAD86}.Release|Any CPU.ActiveCfg = Release|Any CPU
		{D583C88F-EECE-42C5-BB39-D32E1B7CAD86}.Release|Any CPU.Build.0 = Release|Any CPU
		{D583C88F-EECE-42C5-BB39-D32E1B7CAD86}.Release|x64.ActiveCfg = Release|Any CPU
		{D583C88F-EECE-42C5-BB39-D32E1B7CAD86}.Release|x64.Build.0 = Release|Any CPU
		{D583C88F-EECE-42C5-BB39-D32E1B7CAD86}.Release|x86.ActiveCfg = Release|Any CPU
		{D583C88F-EECE-42C5-BB39-D32E1B7CAD86}.Release|x86.Build.0 = Release|Any CPU
		{D113ED22-DD33-4E87-88BF-76DF866191E0}.Debug|Any CPU.ActiveCfg = Debug|Any CPU
		{D113ED22-DD33-4E87-88BF-76DF866191E0}.Debug|Any CPU.Build.0 = Debug|Any CPU
		{D113ED22-DD33-4E87-88BF-76DF866191E0}.Debug|x64.ActiveCfg = Debug|Any CPU
		{D113ED22-DD33-4E87-88BF-76DF866191E0}.Debug|x64.Build.0 = Debug|Any CPU
		{D113ED22-DD33-4E87-88BF-76DF866191E0}.Debug|x86.ActiveCfg = Debug|Any CPU
		{D113ED22-DD33-4E87-88BF-76DF866191E0}.Debug|x86.Build.0 = Debug|Any CPU
		{D113ED22-DD33-4E87-88BF-76DF866191E0}.Release|Any CPU.ActiveCfg = Release|Any CPU
		{D113ED22-DD33-4E87-88BF-76DF866191E0}.Release|Any CPU.Build.0 = Release|Any CPU
		{D113ED22-DD33-4E87-88BF-76DF866191E0}.Release|x64.ActiveCfg = Release|Any CPU
		{D113ED22-DD33-4E87-88BF-76DF866191E0}.Release|x64.Build.0 = Release|Any CPU
		{D113ED22-DD33-4E87-88BF-76DF866191E0}.Release|x86.ActiveCfg = Release|Any CPU
		{D113ED22-DD33-4E87-88BF-76DF866191E0}.Release|x86.Build.0 = Release|Any CPU
		{C5FDC1C6-D7EF-4727-9C4C-A63761DB5F58}.Debug|Any CPU.ActiveCfg = Debug|Any CPU
		{C5FDC1C6-D7EF-4727-9C4C-A63761DB5F58}.Debug|Any CPU.Build.0 = Debug|Any CPU
		{C5FDC1C6-D7EF-4727-9C4C-A63761DB5F58}.Debug|x64.ActiveCfg = Debug|Any CPU
		{C5FDC1C6-D7EF-4727-9C4C-A63761DB5F58}.Debug|x64.Build.0 = Debug|Any CPU
		{C5FDC1C6-D7EF-4727-9C4C-A63761DB5F58}.Debug|x86.ActiveCfg = Debug|Any CPU
		{C5FDC1C6-D7EF-4727-9C4C-A63761DB5F58}.Debug|x86.Build.0 = Debug|Any CPU
		{C5FDC1C6-D7EF-4727-9C4C-A63761DB5F58}.Release|Any CPU.ActiveCfg = Release|Any CPU
		{C5FDC1C6-D7EF-4727-9C4C-A63761DB5F58}.Release|Any CPU.Build.0 = Release|Any CPU
		{C5FDC1C6-D7EF-4727-9C4C-A63761DB5F58}.Release|x64.ActiveCfg = Release|Any CPU
		{C5FDC1C6-D7EF-4727-9C4C-A63761DB5F58}.Release|x64.Build.0 = Release|Any CPU
		{C5FDC1C6-D7EF-4727-9C4C-A63761DB5F58}.Release|x86.ActiveCfg = Release|Any CPU
		{C5FDC1C6-D7EF-4727-9C4C-A63761DB5F58}.Release|x86.Build.0 = Release|Any CPU
		{197866B1-75F2-4B36-9319-5AF2762DDCAB}.Debug|Any CPU.ActiveCfg = Debug|Any CPU
		{197866B1-75F2-4B36-9319-5AF2762DDCAB}.Debug|Any CPU.Build.0 = Debug|Any CPU
		{197866B1-75F2-4B36-9319-5AF2762DDCAB}.Debug|x64.ActiveCfg = Debug|Any CPU
		{197866B1-75F2-4B36-9319-5AF2762DDCAB}.Debug|x64.Build.0 = Debug|Any CPU
		{197866B1-75F2-4B36-9319-5AF2762DDCAB}.Debug|x86.ActiveCfg = Debug|Any CPU
		{197866B1-75F2-4B36-9319-5AF2762DDCAB}.Debug|x86.Build.0 = Debug|Any CPU
		{197866B1-75F2-4B36-9319-5AF2762DDCAB}.Release|Any CPU.ActiveCfg = Release|Any CPU
		{197866B1-75F2-4B36-9319-5AF2762DDCAB}.Release|Any CPU.Build.0 = Release|Any CPU
		{197866B1-75F2-4B36-9319-5AF2762DDCAB}.Release|x64.ActiveCfg = Release|Any CPU
		{197866B1-75F2-4B36-9319-5AF2762DDCAB}.Release|x64.Build.0 = Release|Any CPU
		{197866B1-75F2-4B36-9319-5AF2762DDCAB}.Release|x86.ActiveCfg = Release|Any CPU
		{197866B1-75F2-4B36-9319-5AF2762DDCAB}.Release|x86.Build.0 = Release|Any CPU
		{8BE8C103-C368-41D5-8B40-4872511A605B}.Debug|Any CPU.ActiveCfg = Debug|Any CPU
		{8BE8C103-C368-41D5-8B40-4872511A605B}.Debug|Any CPU.Build.0 = Debug|Any CPU
		{8BE8C103-C368-41D5-8B40-4872511A605B}.Debug|x64.ActiveCfg = Debug|Any CPU
		{8BE8C103-C368-41D5-8B40-4872511A605B}.Debug|x64.Build.0 = Debug|Any CPU
		{8BE8C103-C368-41D5-8B40-4872511A605B}.Debug|x86.ActiveCfg = Debug|Any CPU
		{8BE8C103-C368-41D5-8B40-4872511A605B}.Debug|x86.Build.0 = Debug|Any CPU
		{8BE8C103-C368-41D5-8B40-4872511A605B}.Release|Any CPU.ActiveCfg = Release|Any CPU
		{8BE8C103-C368-41D5-8B40-4872511A605B}.Release|Any CPU.Build.0 = Release|Any CPU
		{8BE8C103-C368-41D5-8B40-4872511A605B}.Release|x64.ActiveCfg = Release|Any CPU
		{8BE8C103-C368-41D5-8B40-4872511A605B}.Release|x64.Build.0 = Release|Any CPU
		{8BE8C103-C368-41D5-8B40-4872511A605B}.Release|x86.ActiveCfg = Release|Any CPU
		{8BE8C103-C368-41D5-8B40-4872511A605B}.Release|x86.Build.0 = Release|Any CPU
	EndGlobalSection
EndGlobal
