
Microsoft Visual Studio Solution File, Format Version 12.00
# Visual Studio 15
VisualStudioVersion = 15.0.26124.0
MinimumVisualStudioVersion = 15.0.26124.0
Project("{FAE04EC0-301F-11D3-BF4B-00C04F79EFBC}") = "BFB.Test", "BFB.Test\BFB.Test.csproj", "{D583C88F-EECE-42C5-BB39-D32E1B7CAD86}"
EndProject
Project("{FAE04EC0-301F-11D3-BF4B-00C04F79EFBC}") = "BFB.Engine", "BFB.Engine\BFB.Engine.csproj", "{197866B1-75F2-4B36-9319-5AF2762DDCAB}"
EndProject
Project("{FAE04EC0-301F-11D3-BF4B-00C04F79EFBC}") = "BFB.Web", "BFB.Web\BFB.Web.csproj", "{7C79D5BC-AE83-44D6-BCC9-DCB833A30C1F}"
EndProject
Project("{FAE04EC0-301F-11D3-BF4B-00C04F79EFBC}") = "BFB.Authentication", "BFB.Authentication\BFB.Authentication.csproj", "{35189681-4C7E-4676-B6AC-BEF9C6337AD8}"
EndProject
Project("{FAE04EC0-301F-11D3-BF4B-00C04F79EFBC}") = "BFB.Client", "BFB.Client\BFB.Client.csproj", "{3C3C793D-A60D-40E7-A815-1092D2A8AE9A}"
EndProject
Project("{FAE04EC0-301F-11D3-BF4B-00C04F79EFBC}") = "BFB.Server", "BFB.Server\BFB.Server.csproj", "{BB8984AD-DE51-4ED6-B9B9-FF7F1710CF42}"
EndProject
Project("{FAE04EC0-301F-11D3-BF4B-00C04F79EFBC}") = "BFB.Pipeline", "BFB.Pipeline\BFB.Pipeline.csproj", "{FED0A2D1-7DBF-4A88-85E5-31F77B2977AA}"
EndProject
Global
	GlobalSection(SolutionConfigurationPlatforms) = preSolution
		Debug|Any CPU = Debug|Any CPU
		Debug|x64 = Debug|x64
		Debug|x86 = Debug|x86
		Release|Any CPU = Release|Any CPU
		Release|x64 = Release|x64
		Release|x86 = Release|x86
	EndGlobalSection
	GlobalSection(SolutionProperties) = preSolution
		HideSolutionNode = FALSE
	EndGlobalSection
	GlobalSection(ProjectConfigurationPlatforms) = postSolution
		{D583C88F-EECE-42C5-BB39-D32E1B7CAD86}.Debug|Any CPU.ActiveCfg = Debug|Any CPU
		{D583C88F-EECE-42C5-BB39-D32E1B7CAD86}.Debug|Any CPU.Build.0 = Debug|Any CPU
		{D583C88F-EECE-42C5-BB39-D32E1B7CAD86}.Debug|x64.ActiveCfg = Debug|Any CPU
		{D583C88F-EECE-42C5-BB39-D32E1B7CAD86}.Debug|x64.Build.0 = Debug|Any CPU
		{D583C88F-EECE-42C5-BB39-D32E1B7CAD86}.Debug|x86.ActiveCfg = Debug|Any CPU
		{D583C88F-EECE-42C5-BB39-D32E1B7CAD86}.Debug|x86.Build.0 = Debug|Any CPU
		{D583C88F-EECE-42C5-BB39-D32E1B7CAD86}.Release|Any CPU.ActiveCfg = Release|Any CPU
		{D583C88F-EECE-42C5-BB39-D32E1B7CAD86}.Release|Any CPU.Build.0 = Release|Any CPU
		{D583C88F-EECE-42C5-BB39-D32E1B7CAD86}.Release|x64.ActiveCfg = Release|Any CPU
		{D583C88F-EECE-42C5-BB39-D32E1B7CAD86}.Release|x64.Build.0 = Release|Any CPU
		{D583C88F-EECE-42C5-BB39-D32E1B7CAD86}.Release|x86.ActiveCfg = Release|Any CPU
		{D583C88F-EECE-42C5-BB39-D32E1B7CAD86}.Release|x86.Build.0 = Release|Any CPU
		{197866B1-75F2-4B36-9319-5AF2762DDCAB}.Debug|Any CPU.ActiveCfg = Debug|Any CPU
		{197866B1-75F2-4B36-9319-5AF2762DDCAB}.Debug|Any CPU.Build.0 = Debug|Any CPU
		{197866B1-75F2-4B36-9319-5AF2762DDCAB}.Debug|x64.ActiveCfg = Debug|Any CPU
		{197866B1-75F2-4B36-9319-5AF2762DDCAB}.Debug|x64.Build.0 = Debug|Any CPU
		{197866B1-75F2-4B36-9319-5AF2762DDCAB}.Debug|x86.ActiveCfg = Debug|Any CPU
		{197866B1-75F2-4B36-9319-5AF2762DDCAB}.Debug|x86.Build.0 = Debug|Any CPU
		{197866B1-75F2-4B36-9319-5AF2762DDCAB}.Release|Any CPU.ActiveCfg = Release|Any CPU
		{197866B1-75F2-4B36-9319-5AF2762DDCAB}.Release|Any CPU.Build.0 = Release|Any CPU
		{197866B1-75F2-4B36-9319-5AF2762DDCAB}.Release|x64.ActiveCfg = Release|Any CPU
		{197866B1-75F2-4B36-9319-5AF2762DDCAB}.Release|x64.Build.0 = Release|Any CPU
		{197866B1-75F2-4B36-9319-5AF2762DDCAB}.Release|x86.ActiveCfg = Release|Any CPU
		{197866B1-75F2-4B36-9319-5AF2762DDCAB}.Release|x86.Build.0 = Release|Any CPU
		{7C79D5BC-AE83-44D6-BCC9-DCB833A30C1F}.Debug|Any CPU.ActiveCfg = Debug|Any CPU
		{7C79D5BC-AE83-44D6-BCC9-DCB833A30C1F}.Debug|Any CPU.Build.0 = Debug|Any CPU
		{7C79D5BC-AE83-44D6-BCC9-DCB833A30C1F}.Debug|x64.ActiveCfg = Debug|Any CPU
		{7C79D5BC-AE83-44D6-BCC9-DCB833A30C1F}.Debug|x64.Build.0 = Debug|Any CPU
		{7C79D5BC-AE83-44D6-BCC9-DCB833A30C1F}.Debug|x86.ActiveCfg = Debug|Any CPU
		{7C79D5BC-AE83-44D6-BCC9-DCB833A30C1F}.Debug|x86.Build.0 = Debug|Any CPU
		{7C79D5BC-AE83-44D6-BCC9-DCB833A30C1F}.Release|Any CPU.ActiveCfg = Release|Any CPU
		{7C79D5BC-AE83-44D6-BCC9-DCB833A30C1F}.Release|Any CPU.Build.0 = Release|Any CPU
		{7C79D5BC-AE83-44D6-BCC9-DCB833A30C1F}.Release|x64.ActiveCfg = Release|Any CPU
		{7C79D5BC-AE83-44D6-BCC9-DCB833A30C1F}.Release|x64.Build.0 = Release|Any CPU
		{7C79D5BC-AE83-44D6-BCC9-DCB833A30C1F}.Release|x86.ActiveCfg = Release|Any CPU
		{7C79D5BC-AE83-44D6-BCC9-DCB833A30C1F}.Release|x86.Build.0 = Release|Any CPU
		{35189681-4C7E-4676-B6AC-BEF9C6337AD8}.Debug|Any CPU.ActiveCfg = Debug|Any CPU
		{35189681-4C7E-4676-B6AC-BEF9C6337AD8}.Debug|Any CPU.Build.0 = Debug|Any CPU
		{35189681-4C7E-4676-B6AC-BEF9C6337AD8}.Debug|x64.ActiveCfg = Debug|Any CPU
		{35189681-4C7E-4676-B6AC-BEF9C6337AD8}.Debug|x64.Build.0 = Debug|Any CPU
		{35189681-4C7E-4676-B6AC-BEF9C6337AD8}.Debug|x86.ActiveCfg = Debug|Any CPU
		{35189681-4C7E-4676-B6AC-BEF9C6337AD8}.Debug|x86.Build.0 = Debug|Any CPU
		{35189681-4C7E-4676-B6AC-BEF9C6337AD8}.Release|Any CPU.ActiveCfg = Release|Any CPU
		{35189681-4C7E-4676-B6AC-BEF9C6337AD8}.Release|Any CPU.Build.0 = Release|Any CPU
		{35189681-4C7E-4676-B6AC-BEF9C6337AD8}.Release|x64.ActiveCfg = Release|Any CPU
		{35189681-4C7E-4676-B6AC-BEF9C6337AD8}.Release|x64.Build.0 = Release|Any CPU
		{35189681-4C7E-4676-B6AC-BEF9C6337AD8}.Release|x86.ActiveCfg = Release|Any CPU
		{35189681-4C7E-4676-B6AC-BEF9C6337AD8}.Release|x86.Build.0 = Release|Any CPU
		{3C3C793D-A60D-40E7-A815-1092D2A8AE9A}.Debug|Any CPU.ActiveCfg = Debug|Any CPU
		{3C3C793D-A60D-40E7-A815-1092D2A8AE9A}.Debug|Any CPU.Build.0 = Debug|Any CPU
		{3C3C793D-A60D-40E7-A815-1092D2A8AE9A}.Debug|x64.ActiveCfg = Debug|Any CPU
		{3C3C793D-A60D-40E7-A815-1092D2A8AE9A}.Debug|x64.Build.0 = Debug|Any CPU
		{3C3C793D-A60D-40E7-A815-1092D2A8AE9A}.Debug|x86.ActiveCfg = Debug|Any CPU
		{3C3C793D-A60D-40E7-A815-1092D2A8AE9A}.Debug|x86.Build.0 = Debug|Any CPU
		{3C3C793D-A60D-40E7-A815-1092D2A8AE9A}.Release|Any CPU.ActiveCfg = Release|Any CPU
		{3C3C793D-A60D-40E7-A815-1092D2A8AE9A}.Release|Any CPU.Build.0 = Release|Any CPU
		{3C3C793D-A60D-40E7-A815-1092D2A8AE9A}.Release|x64.ActiveCfg = Release|Any CPU
		{3C3C793D-A60D-40E7-A815-1092D2A8AE9A}.Release|x64.Build.0 = Release|Any CPU
		{3C3C793D-A60D-40E7-A815-1092D2A8AE9A}.Release|x86.ActiveCfg = Release|Any CPU
		{3C3C793D-A60D-40E7-A815-1092D2A8AE9A}.Release|x86.Build.0 = Release|Any CPU
		{BB8984AD-DE51-4ED6-B9B9-FF7F1710CF42}.Debug|Any CPU.ActiveCfg = Debug|Any CPU
		{BB8984AD-DE51-4ED6-B9B9-FF7F1710CF42}.Debug|Any CPU.Build.0 = Debug|Any CPU
		{BB8984AD-DE51-4ED6-B9B9-FF7F1710CF42}.Debug|x64.ActiveCfg = Debug|Any CPU
		{BB8984AD-DE51-4ED6-B9B9-FF7F1710CF42}.Debug|x64.Build.0 = Debug|Any CPU
		{BB8984AD-DE51-4ED6-B9B9-FF7F1710CF42}.Debug|x86.ActiveCfg = Debug|Any CPU
		{BB8984AD-DE51-4ED6-B9B9-FF7F1710CF42}.Debug|x86.Build.0 = Debug|Any CPU
		{BB8984AD-DE51-4ED6-B9B9-FF7F1710CF42}.Release|Any CPU.ActiveCfg = Release|Any CPU
		{BB8984AD-DE51-4ED6-B9B9-FF7F1710CF42}.Release|Any CPU.Build.0 = Release|Any CPU
		{BB8984AD-DE51-4ED6-B9B9-FF7F1710CF42}.Release|x64.ActiveCfg = Release|Any CPU
		{BB8984AD-DE51-4ED6-B9B9-FF7F1710CF42}.Release|x64.Build.0 = Release|Any CPU
		{BB8984AD-DE51-4ED6-B9B9-FF7F1710CF42}.Release|x86.ActiveCfg = Release|Any CPU
		{BB8984AD-DE51-4ED6-B9B9-FF7F1710CF42}.Release|x86.Build.0 = Release|Any CPU
		{FED0A2D1-7DBF-4A88-85E5-31F77B2977AA}.Debug|Any CPU.ActiveCfg = Debug|Any CPU
		{FED0A2D1-7DBF-4A88-85E5-31F77B2977AA}.Debug|Any CPU.Build.0 = Debug|Any CPU
		{FED0A2D1-7DBF-4A88-85E5-31F77B2977AA}.Debug|x64.ActiveCfg = Debug|Any CPU
		{FED0A2D1-7DBF-4A88-85E5-31F77B2977AA}.Debug|x64.Build.0 = Debug|Any CPU
		{FED0A2D1-7DBF-4A88-85E5-31F77B2977AA}.Debug|x86.ActiveCfg = Debug|Any CPU
		{FED0A2D1-7DBF-4A88-85E5-31F77B2977AA}.Debug|x86.Build.0 = Debug|Any CPU
		{FED0A2D1-7DBF-4A88-85E5-31F77B2977AA}.Release|Any CPU.ActiveCfg = Release|Any CPU
		{FED0A2D1-7DBF-4A88-85E5-31F77B2977AA}.Release|Any CPU.Build.0 = Release|Any CPU
		{FED0A2D1-7DBF-4A88-85E5-31F77B2977AA}.Release|x64.ActiveCfg = Release|Any CPU
		{FED0A2D1-7DBF-4A88-85E5-31F77B2977AA}.Release|x64.Build.0 = Release|Any CPU
		{FED0A2D1-7DBF-4A88-85E5-31F77B2977AA}.Release|x86.ActiveCfg = Release|Any CPU
		{FED0A2D1-7DBF-4A88-85E5-31F77B2977AA}.Release|x86.Build.0 = Release|Any CPU
	EndGlobalSection
	GlobalSection(MonoDevelopProperties) = preSolution
		version = 0.0.0.1
	EndGlobalSection
EndGlobal
