
Microsoft Visual Studio Solution File, Format Version 12.00
# Visual Studio 15
VisualStudioVersion = 15.0.26124.0
MinimumVisualStudioVersion = 15.0.26124.0
Project("{FAE04EC0-301F-11D3-BF4B-00C04F79EFBC}") = "ClientExperiments", "ClientExperiments\ClientExperiments.csproj", "{788E2454-24D7-4F53-990B-AC6CEC28F466}"
EndProject
Project("{FAE04EC0-301F-11D3-BF4B-00C04F79EFBC}") = "ClientExperiments.Test", "ClientExperiments.Test\ClientExperiments.Test.csproj", "{0B2B0AF6-5369-415E-9E88-554A90A00546}"
EndProject
Project("{FAE04EC0-301F-11D3-BF4B-00C04F79EFBC}") = "TestServer", "ClientServerExperiments\TestServer.csproj", "{A02F4AAA-48C1-4AE1-BDDA-86B0BDD01590}"
EndProject
Project("{FAE04EC0-301F-11D3-BF4B-00C04F79EFBC}") = "TestClient", "TestClient\TestClient.csproj", "{F322EE9C-AC8B-45D4-8142-7E59AC3AB901}"
EndProject
Project("{FAE04EC0-301F-11D3-BF4B-00C04F79EFBC}") = "BFBEngine", "BFBEngine\BFBEngine.csproj", "{F2B0F824-668A-4DDA-B896-4A13098D5DA6}"
EndProject
Global
	GlobalSection(SolutionConfigurationPlatforms) = preSolution
		Debug|Any CPU = Debug|Any CPU
		Debug|x64 = Debug|x64
		Debug|x86 = Debug|x86
		Release|Any CPU = Release|Any CPU
		Release|x64 = Release|x64
		Release|x86 = Release|x86
	EndGlobalSection
	GlobalSection(SolutionProperties) = preSolution
		HideSolutionNode = FALSE
	EndGlobalSection
	GlobalSection(ProjectConfigurationPlatforms) = postSolution
		{788E2454-24D7-4F53-990B-AC6CEC28F466}.Debug|Any CPU.ActiveCfg = Debug|Any CPU
		{788E2454-24D7-4F53-990B-AC6CEC28F466}.Debug|Any CPU.Build.0 = Debug|Any CPU
		{788E2454-24D7-4F53-990B-AC6CEC28F466}.Debug|x64.ActiveCfg = Debug|Any CPU
		{788E2454-24D7-4F53-990B-AC6CEC28F466}.Debug|x64.Build.0 = Debug|Any CPU
		{788E2454-24D7-4F53-990B-AC6CEC28F466}.Debug|x86.ActiveCfg = Debug|Any CPU
		{788E2454-24D7-4F53-990B-AC6CEC28F466}.Debug|x86.Build.0 = Debug|Any CPU
		{788E2454-24D7-4F53-990B-AC6CEC28F466}.Release|Any CPU.ActiveCfg = Release|Any CPU
		{788E2454-24D7-4F53-990B-AC6CEC28F466}.Release|Any CPU.Build.0 = Release|Any CPU
		{788E2454-24D7-4F53-990B-AC6CEC28F466}.Release|x64.ActiveCfg = Release|Any CPU
		{788E2454-24D7-4F53-990B-AC6CEC28F466}.Release|x64.Build.0 = Release|Any CPU
		{788E2454-24D7-4F53-990B-AC6CEC28F466}.Release|x86.ActiveCfg = Release|Any CPU
		{788E2454-24D7-4F53-990B-AC6CEC28F466}.Release|x86.Build.0 = Release|Any CPU
		{0B2B0AF6-5369-415E-9E88-554A90A00546}.Debug|Any CPU.ActiveCfg = Debug|Any CPU
		{0B2B0AF6-5369-415E-9E88-554A90A00546}.Debug|Any CPU.Build.0 = Debug|Any CPU
		{0B2B0AF6-5369-415E-9E88-554A90A00546}.Debug|x64.ActiveCfg = Debug|Any CPU
		{0B2B0AF6-5369-415E-9E88-554A90A00546}.Debug|x64.Build.0 = Debug|Any CPU
		{0B2B0AF6-5369-415E-9E88-554A90A00546}.Debug|x86.ActiveCfg = Debug|Any CPU
		{0B2B0AF6-5369-415E-9E88-554A90A00546}.Debug|x86.Build.0 = Debug|Any CPU
		{0B2B0AF6-5369-415E-9E88-554A90A00546}.Release|Any CPU.ActiveCfg = Release|Any CPU
		{0B2B0AF6-5369-415E-9E88-554A90A00546}.Release|Any CPU.Build.0 = Release|Any CPU
		{0B2B0AF6-5369-415E-9E88-554A90A00546}.Release|x64.ActiveCfg = Release|Any CPU
		{0B2B0AF6-5369-415E-9E88-554A90A00546}.Release|x64.Build.0 = Release|Any CPU
		{0B2B0AF6-5369-415E-9E88-554A90A00546}.Release|x86.ActiveCfg = Release|Any CPU
		{0B2B0AF6-5369-415E-9E88-554A90A00546}.Release|x86.Build.0 = Release|Any CPU
		{A02F4AAA-48C1-4AE1-BDDA-86B0BDD01590}.Debug|Any CPU.ActiveCfg = Debug|Any CPU
		{A02F4AAA-48C1-4AE1-BDDA-86B0BDD01590}.Debug|Any CPU.Build.0 = Debug|Any CPU
		{A02F4AAA-48C1-4AE1-BDDA-86B0BDD01590}.Debug|x64.ActiveCfg = Debug|Any CPU
		{A02F4AAA-48C1-4AE1-BDDA-86B0BDD01590}.Debug|x64.Build.0 = Debug|Any CPU
		{A02F4AAA-48C1-4AE1-BDDA-86B0BDD01590}.Debug|x86.ActiveCfg = Debug|Any CPU
		{A02F4AAA-48C1-4AE1-BDDA-86B0BDD01590}.Debug|x86.Build.0 = Debug|Any CPU
		{A02F4AAA-48C1-4AE1-BDDA-86B0BDD01590}.Release|Any CPU.ActiveCfg = Release|Any CPU
		{A02F4AAA-48C1-4AE1-BDDA-86B0BDD01590}.Release|Any CPU.Build.0 = Release|Any CPU
		{A02F4AAA-48C1-4AE1-BDDA-86B0BDD01590}.Release|x64.ActiveCfg = Release|Any CPU
		{A02F4AAA-48C1-4AE1-BDDA-86B0BDD01590}.Release|x64.Build.0 = Release|Any CPU
		{A02F4AAA-48C1-4AE1-BDDA-86B0BDD01590}.Release|x86.ActiveCfg = Release|Any CPU
		{A02F4AAA-48C1-4AE1-BDDA-86B0BDD01590}.Release|x86.Build.0 = Release|Any CPU
		{F322EE9C-AC8B-45D4-8142-7E59AC3AB901}.Debug|Any CPU.ActiveCfg = Debug|Any CPU
		{F322EE9C-AC8B-45D4-8142-7E59AC3AB901}.Debug|Any CPU.Build.0 = Debug|Any CPU
		{F322EE9C-AC8B-45D4-8142-7E59AC3AB901}.Debug|x64.ActiveCfg = Debug|Any CPU
		{F322EE9C-AC8B-45D4-8142-7E59AC3AB901}.Debug|x64.Build.0 = Debug|Any CPU
		{F322EE9C-AC8B-45D4-8142-7E59AC3AB901}.Debug|x86.ActiveCfg = Debug|Any CPU
		{F322EE9C-AC8B-45D4-8142-7E59AC3AB901}.Debug|x86.Build.0 = Debug|Any CPU
		{F322EE9C-AC8B-45D4-8142-7E59AC3AB901}.Release|Any CPU.ActiveCfg = Release|Any CPU
		{F322EE9C-AC8B-45D4-8142-7E59AC3AB901}.Release|Any CPU.Build.0 = Release|Any CPU
		{F322EE9C-AC8B-45D4-8142-7E59AC3AB901}.Release|x64.ActiveCfg = Release|Any CPU
		{F322EE9C-AC8B-45D4-8142-7E59AC3AB901}.Release|x64.Build.0 = Release|Any CPU
		{F322EE9C-AC8B-45D4-8142-7E59AC3AB901}.Release|x86.ActiveCfg = Release|Any CPU
		{F322EE9C-AC8B-45D4-8142-7E59AC3AB901}.Release|x86.Build.0 = Release|Any CPU
		{F2B0F824-668A-4DDA-B896-4A13098D5DA6}.Debug|Any CPU.ActiveCfg = Debug|Any CPU
		{F2B0F824-668A-4DDA-B896-4A13098D5DA6}.Debug|Any CPU.Build.0 = Debug|Any CPU
		{F2B0F824-668A-4DDA-B896-4A13098D5DA6}.Debug|x64.ActiveCfg = Debug|Any CPU
		{F2B0F824-668A-4DDA-B896-4A13098D5DA6}.Debug|x64.Build.0 = Debug|Any CPU
		{F2B0F824-668A-4DDA-B896-4A13098D5DA6}.Debug|x86.ActiveCfg = Debug|Any CPU
		{F2B0F824-668A-4DDA-B896-4A13098D5DA6}.Debug|x86.Build.0 = Debug|Any CPU
		{F2B0F824-668A-4DDA-B896-4A13098D5DA6}.Release|Any CPU.ActiveCfg = Release|Any CPU
		{F2B0F824-668A-4DDA-B896-4A13098D5DA6}.Release|Any CPU.Build.0 = Release|Any CPU
		{F2B0F824-668A-4DDA-B896-4A13098D5DA6}.Release|x64.ActiveCfg = Release|Any CPU
		{F2B0F824-668A-4DDA-B896-4A13098D5DA6}.Release|x64.Build.0 = Release|Any CPU
		{F2B0F824-668A-4DDA-B896-4A13098D5DA6}.Release|x86.ActiveCfg = Release|Any CPU
		{F2B0F824-668A-4DDA-B896-4A13098D5DA6}.Release|x86.Build.0 = Release|Any CPU
	EndGlobalSection
EndGlobal
