
Microsoft Visual Studio Solution File, Format Version 12.00
# Visual Studio 15
VisualStudioVersion = 15.0.26124.0
MinimumVisualStudioVersion = 15.0.26124.0
Project("{FAE04EC0-301F-11D3-BF4B-00C04F79EFBC}") = "experimentGame2", "experimentGame2\experimentGame2.csproj", "{3EB272CB-D71F-405B-B002-2D1FE6F2BDB8}"
EndProject
Project("{FAE04EC0-301F-11D3-BF4B-00C04F79EFBC}") = "experimentGame2.Test", "experimentGame2.Test\experimentGame2.Test.csproj", "{997E5C0A-A7B2-4A8D-8262-DEA0412554E1}"
EndProject
Global
	GlobalSection(SolutionConfigurationPlatforms) = preSolution
		Debug|Any CPU = Debug|Any CPU
		Debug|x64 = Debug|x64
		Debug|x86 = Debug|x86
		Release|Any CPU = Release|Any CPU
		Release|x64 = Release|x64
		Release|x86 = Release|x86
	EndGlobalSection
	GlobalSection(SolutionProperties) = preSolution
		HideSolutionNode = FALSE
	EndGlobalSection
	GlobalSection(ProjectConfigurationPlatforms) = postSolution
		{3EB272CB-D71F-405B-B002-2D1FE6F2BDB8}.Debug|Any CPU.ActiveCfg = Debug|Any CPU
		{3EB272CB-D71F-405B-B002-2D1FE6F2BDB8}.Debug|Any CPU.Build.0 = Debug|Any CPU
		{3EB272CB-D71F-405B-B002-2D1FE6F2BDB8}.Debug|x64.ActiveCfg = Debug|Any CPU
		{3EB272CB-D71F-405B-B002-2D1FE6F2BDB8}.Debug|x64.Build.0 = Debug|Any CPU
		{3EB272CB-D71F-405B-B002-2D1FE6F2BDB8}.Debug|x86.ActiveCfg = Debug|Any CPU
		{3EB272CB-D71F-405B-B002-2D1FE6F2BDB8}.Debug|x86.Build.0 = Debug|Any CPU
		{3EB272CB-D71F-405B-B002-2D1FE6F2BDB8}.Release|Any CPU.ActiveCfg = Release|Any CPU
		{3EB272CB-D71F-405B-B002-2D1FE6F2BDB8}.Release|Any CPU.Build.0 = Release|Any CPU
		{3EB272CB-D71F-405B-B002-2D1FE6F2BDB8}.Release|x64.ActiveCfg = Release|Any CPU
		{3EB272CB-D71F-405B-B002-2D1FE6F2BDB8}.Release|x64.Build.0 = Release|Any CPU
		{3EB272CB-D71F-405B-B002-2D1FE6F2BDB8}.Release|x86.ActiveCfg = Release|Any CPU
		{3EB272CB-D71F-405B-B002-2D1FE6F2BDB8}.Release|x86.Build.0 = Release|Any CPU
		{997E5C0A-A7B2-4A8D-8262-DEA0412554E1}.Debug|Any CPU.ActiveCfg = Debug|Any CPU
		{997E5C0A-A7B2-4A8D-8262-DEA0412554E1}.Debug|Any CPU.Build.0 = Debug|Any CPU
		{997E5C0A-A7B2-4A8D-8262-DEA0412554E1}.Debug|x64.ActiveCfg = Debug|Any CPU
		{997E5C0A-A7B2-4A8D-8262-DEA0412554E1}.Debug|x64.Build.0 = Debug|Any CPU
		{997E5C0A-A7B2-4A8D-8262-DEA0412554E1}.Debug|x86.ActiveCfg = Debug|Any CPU
		{997E5C0A-A7B2-4A8D-8262-DEA0412554E1}.Debug|x86.Build.0 = Debug|Any CPU
		{997E5C0A-A7B2-4A8D-8262-DEA0412554E1}.Release|Any CPU.ActiveCfg = Release|Any CPU
		{997E5C0A-A7B2-4A8D-8262-DEA0412554E1}.Release|Any CPU.Build.0 = Release|Any CPU
		{997E5C0A-A7B2-4A8D-8262-DEA0412554E1}.Release|x64.ActiveCfg = Release|Any CPU
		{997E5C0A-A7B2-4A8D-8262-DEA0412554E1}.Release|x64.Build.0 = Release|Any CPU
		{997E5C0A-A7B2-4A8D-8262-DEA0412554E1}.Release|x86.ActiveCfg = Release|Any CPU
		{997E5C0A-A7B2-4A8D-8262-DEA0412554E1}.Release|x86.Build.0 = Release|Any CPU
	EndGlobalSection
EndGlobal
