
Microsoft Visual Studio Solution File, Format Version 12.00
# Visual Studio Version 16
VisualStudioVersion = 16.0.29230.47
MinimumVisualStudioVersion = 10.0.40219.1
Project("{FAE04EC0-301F-11D3-BF4B-00C04F79EFBC}") = "testGame2", "testGame2\testGame2.csproj", "{DC018003-B158-4B00-BA5B-2F4711FE021E}"
EndProject
Global
	GlobalSection(SolutionConfigurationPlatforms) = preSolution
		Debug|x86 = Debug|x86
		Release|x86 = Release|x86
	EndGlobalSection
	GlobalSection(ProjectConfigurationPlatforms) = postSolution
		{DC018003-B158-4B00-BA5B-2F4711FE021E}.Debug|x86.ActiveCfg = Debug|x86
		{DC018003-B158-4B00-BA5B-2F4711FE021E}.Debug|x86.Build.0 = Debug|x86
		{DC018003-B158-4B00-BA5B-2F4711FE021E}.Release|x86.ActiveCfg = Release|x86
		{DC018003-B158-4B00-BA5B-2F4711FE021E}.Release|x86.Build.0 = Release|x86
	EndGlobalSection
	GlobalSection(SolutionProperties) = preSolution
		HideSolutionNode = FALSE
	EndGlobalSection
	GlobalSection(ExtensibilityGlobals) = postSolution
		SolutionGuid = {6A716B04-9BF3-49B0-9475-F2B9571753EE}
	EndGlobalSection
EndGlobal
